
Microsoft Visual Studio Solution File, Format Version 12.00
# Visual Studio Version 17
VisualStudioVersion = 17.2.32616.157
MinimumVisualStudioVersion = 10.0.40219.1
Project("{FAE04EC0-301F-11D3-BF4B-00C04F79EFBC}") = "PatternMatching.Console", "PatternMatching.Console\PatternMatching.Console.csproj", "{84B3DC47-3BBD-4B6B-A700-7DE7D0529281}"
EndProject
Global
	GlobalSection(SolutionConfigurationPlatforms) = preSolution
		Debug|Any CPU = Debug|Any CPU
		Release|Any CPU = Release|Any CPU
	EndGlobalSection
	GlobalSection(ProjectConfigurationPlatforms) = postSolution
		{84B3DC47-3BBD-4B6B-A700-7DE7D0529281}.Debug|Any CPU.ActiveCfg = Debug|Any CPU
		{84B3DC47-3BBD-4B6B-A700-7DE7D0529281}.Debug|Any CPU.Build.0 = Debug|Any CPU
		{84B3DC47-3BBD-4B6B-A700-7DE7D0529281}.Release|Any CPU.ActiveCfg = Release|Any CPU
		{84B3DC47-3BBD-4B6B-A700-7DE7D0529281}.Release|Any CPU.Build.0 = Release|Any CPU
	EndGlobalSection
	GlobalSection(SolutionProperties) = preSolution
		HideSolutionNode = FALSE
	EndGlobalSection
	GlobalSection(ExtensibilityGlobals) = postSolution
		SolutionGuid = {2A7E5499-51C8-4AF3-9254-A0440BF7C410}
	EndGlobalSection
EndGlobal
